Microsoft Visual Studio Solution File, Format Version 12.00
# Visual Studio Version 18
VisualStudioVersion = 18.6.11822.322
MinimumVisualStudioVersion = 10.0.40219.1
Project("{FAE04EC0-301F-11D3-BF4B-00C04F79EFBC}") = "Synthora", "Synthora\Synthora.csproj", "{5EC421F6-E036-465A-ABCD-A681DD742FE1}"
EndProject
Project("{2150E333-8FDC-42A3-9474-1A3956D46DE8}") = "Solution Files", "Solution Files", "{9FA3D6BD-1EC1-3BA5-80CB-CE02773A58D5}"
	ProjectSection(SolutionItems) = preProject
		Directory.Build.props = Directory.Build.props
	EndProjectSection
EndProject
Project("{2150E333-8FDC-42A3-9474-1A3956D46DE8}") = "Demo", "Demo", "{DE9DBF46-9D8F-4113-ADCA-04B0A2DE5986}"
EndProject
Project("{FAE04EC0-301F-11D3-BF4B-00C04F79EFBC}") = "Synthora.Demo", "Demo\Synthora.Demo\Synthora.Demo.csproj", "{6164E60F-D0F9-25F2-91CC-A041E4D34374}"
EndProject
Project("{FAE04EC0-301F-11D3-BF4B-00C04F79EFBC}") = "Synthora.Demo.Android", "Demo\Synthora.Demo.Android\Synthora.Demo.Android.csproj", "{A137F716-479E-7EF8-0CB7-3E627640F062}"
EndProject
Project("{FAE04EC0-301F-11D3-BF4B-00C04F79EFBC}") = "Synthora.Demo.Desktop", "Demo\Synthora.Demo.Desktop\Synthora.Demo.Desktop.csproj", "{C594DB71-806F-BA46-E761-8C98E0032555}"
EndProject
Global
	GlobalSection(SolutionConfigurationPlatforms) = preSolution
		Debug|Any CPU = Debug|Any CPU
		Release|Any CPU = Release|Any CPU
	EndGlobalSection
	GlobalSection(ProjectConfigurationPlatforms) = postSolution
		{5EC421F6-E036-465A-ABCD-A681DD742FE1}.Debug|Any CPU.ActiveCfg = Debug|Any CPU
		{5EC421F6-E036-465A-ABCD-A681DD742FE1}.Debug|Any CPU.Build.0 = Debug|Any CPU
		{5EC421F6-E036-465A-ABCD-A681DD742FE1}.Release|Any CPU.ActiveCfg = Release|Any CPU
		{5EC421F6-E036-465A-ABCD-A681DD742FE1}.Release|Any CPU.Build.0 = Release|Any CPU
		{6164E60F-D0F9-25F2-91CC-A041E4D34374}.Debug|Any CPU.ActiveCfg = Debug|Any CPU
		{6164E60F-D0F9-25F2-91CC-A041E4D34374}.Debug|Any CPU.Build.0 = Debug|Any CPU
		{6164E60F-D0F9-25F2-91CC-A041E4D34374}.Release|Any CPU.ActiveCfg = Release|Any CPU
		{6164E60F-D0F9-25F2-91CC-A041E4D34374}.Release|Any CPU.Build.0 = Release|Any CPU
		{A137F716-479E-7EF8-0CB7-3E627640F062}.Debug|Any CPU.ActiveCfg = Debug|Any CPU
		{A137F716-479E-7EF8-0CB7-3E627640F062}.Debug|Any CPU.Build.0 = Debug|Any CPU
		{A137F716-479E-7EF8-0CB7-3E627640F062}.Debug|Any CPU.Deploy.0 = Debug|Any CPU
		{A137F716-479E-7EF8-0CB7-3E627640F062}.Release|Any CPU.ActiveCfg = Release|Any CPU
		{A137F716-479E-7EF8-0CB7-3E627640F062}.Release|Any CPU.Build.0 = Release|Any CPU
		{A137F716-479E-7EF8-0CB7-3E627640F062}.Release|Any CPU.Deploy.0 = Release|Any CPU
		{C594DB71-806F-BA46-E761-8C98E0032555}.Debug|Any CPU.ActiveCfg = Debug|Any CPU
		{C594DB71-806F-BA46-E761-8C98E0032555}.Debug|Any CPU.Build.0 = Debug|Any CPU
		{C594DB71-806F-BA46-E761-8C98E0032555}.Release|Any CPU.ActiveCfg = Release|Any CPU
		{C594DB71-806F-BA46-E761-8C98E0032555}.Release|Any CPU.Build.0 = Release|Any CPU
	EndGlobalSection
	GlobalSection(SolutionProperties) = preSolution
		HideSolutionNode = FALSE
	EndGlobalSection
	GlobalSection(NestedProjects) = preSolution
		{6164E60F-D0F9-25F2-91CC-A041E4D34374} = {DE9DBF46-9D8F-4113-ADCA-04B0A2DE5986}
		{A137F716-479E-7EF8-0CB7-3E627640F062} = {DE9DBF46-9D8F-4113-ADCA-04B0A2DE5986}
		{C594DB71-806F-BA46-E761-8C98E0032555} = {DE9DBF46-9D8F-4113-ADCA-04B0A2DE5986}
	EndGlobalSection
	GlobalSection(ExtensibilityGlobals) = postSolution
		SolutionGuid = {1EA8C0F4-3717-4AC0-90B7-B8A74056B30C}
	EndGlobalSection
EndGlobal
